
Microsoft Visual Studio Solution File, Format Version 12.00
# Visual Studio 15
VisualStudioVersion = 15.0.27428.2015
MinimumVisualStudioVersion = 10.0.40219.1
Project("{FAE04EC0-301F-11D3-BF4B-00C04F79EFBC}") = "NTServer", "NTServer\NTServer.csproj", "{8AAE7C22-EED9-49FF-9CBE-48628274540A}"
EndProject
Global
	GlobalSection(SolutionConfigurationPlatforms) = preSolution
		Debug|Any CPU = Debug|Any CPU
		Release|Any CPU = Release|Any CPU
	EndGlobalSection
	GlobalSection(ProjectConfigurationPlatforms) = postSolution
		{8AAE7C22-EED9-49FF-9CBE-48628274540A}.Debug|Any CPU.ActiveCfg = Debug|Any CPU
		{8AAE7C22-EED9-49FF-9CBE-48628274540A}.Debug|Any CPU.Build.0 = Debug|Any CPU
		{8AAE7C22-EED9-49FF-9CBE-48628274540A}.Release|Any CPU.ActiveCfg = Release|Any CPU
		{8AAE7C22-EED9-49FF-9CBE-48628274540A}.Release|Any CPU.Build.0 = Release|Any CPU
	EndGlobalSection
	GlobalSection(SolutionProperties) = preSolution
		HideSolutionNode = FALSE
	EndGlobalSection
	GlobalSection(ExtensibilityGlobals) = postSolution
		SolutionGuid = {B49AD19F-BF34-4A09-8123-E7468204F929}
	EndGlobalSection
EndGlobal
